// !$*UTF8*$!
{
	archiveVersion = 1;
	classes = {
	};
	objectVersion = 46;
	objects = {

/* Begin PBXBuildFile section */
		A463D39A18448D2600A3018B /* NSArray+EKStuff.m in Sources */ = {isa = PBXBuildFile; fileRef = A463D39918448D2600A3018B /* NSArray+EKStuff.m */; };
		A463D3A11844943000A3018B /* NSMutableArray+EKStuff.m in Sources */ = {isa = PBXBuildFile; fileRef = A463D3A01844943000A3018B /* NSMutableArray+EKStuff.m */; };
		A4D204D71844DC4B00F19AFB /* NSString+EKStuff.m in Sources */ = {isa = PBXBuildFile; fileRef = A4D204D61844DC4B00F19AFB /* NSString+EKStuff.m */; };
		A4D204DA1844E2EA00F19AFB /* NSNumber+EKStuff.m in Sources */ = {isa = PBXBuildFile; fileRef = A4D204D91844E2EA00F19AFB /* NSNumber+EKStuff.m */; };
		DE46B4CB1832748F00353AC8 /* EKVertex.m in Sources */ = {isa = PBXBuildFile; fileRef = DE46B4CA1832748F00353AC8 /* EKVertex.m */; };
		DE46B4CE183274A200353AC8 /* EKGraph.m in Sources */ = {isa = PBXBuildFile; fileRef = DE46B4CD183274A200353AC8 /* EKGraph.m */; };
		DEADAD7317B7A6A80031DEB9 /* Foundation.framework in Frameworks */ = {isa = PBXBuildFile; fileRef = DEADAD7217B7A6A80031DEB9 /* Foundation.framework */; };
		DEADAD7617B7A6A80031DEB9 /* main.m in Sources */ = {isa = PBXBuildFile; fileRef = DEADAD7517B7A6A80031DEB9 /* main.m */; };
		DEADAD7A17B7A6A80031DEB9 /* EKAlgorithms.1 in CopyFiles */ = {isa = PBXBuildFile; fileRef = DEADAD7917B7A6A80031DEB9 /* EKAlgorithms.1 */; };
		DEC568A7182C258600AA90E1 /* EKDeque.m in Sources */ = {isa = PBXBuildFile; fileRef = DEC568A2182C258600AA90E1 /* EKDeque.m */; };
		DEC568A8182C258600AA90E1 /* EKQueue.m in Sources */ = {isa = PBXBuildFile; fileRef = DEC568A4182C258600AA90E1 /* EKQueue.m */; };
		DEC568A9182C258600AA90E1 /* EKStack.m in Sources */ = {isa = PBXBuildFile; fileRef = DEC568A6182C258600AA90E1 /* EKStack.m */; };
		DEC568AE182C265D00AA90E1 /* EKNode.m in Sources */ = {isa = PBXBuildFile; fileRef = DEC568AD182C265D00AA90E1 /* EKNode.m */; };
		DEC568B1182C273A00AA90E1 /* EKLinkedList.m in Sources */ = {isa = PBXBuildFile; fileRef = DEC568B0182C273A00AA90E1 /* EKLinkedList.m */; };
		DED2740218357F3A0002C2F5 /* EKTreeNode.m in Sources */ = {isa = PBXBuildFile; fileRef = DED2740118357F3A0002C2F5 /* EKTreeNode.m */; };
		DED2740518357F530002C2F5 /* EKBSTree.m in Sources */ = {isa = PBXBuildFile; fileRef = DED2740418357F530002C2F5 /* EKBSTree.m */; };
/* End PBXBuildFile section */

/* Begin PBXCopyFilesBuildPhase section */
		DEADAD6D17B7A6A80031DEB9 /* CopyFiles */ = {
			isa = PBXCopyFilesBuildPhase;
			buildActionMask = 2147483647;
			dstPath = /usr/share/man/man1/;
			dstSubfolderSpec = 0;
			files = (
				DEADAD7A17B7A6A80031DEB9 /* EKAlgorithms.1 in CopyFiles */,
			);
			runOnlyForDeploymentPostprocessing = 1;
		};
/* End PBXCopyFilesBuildPhase section */

/* Begin PBXFileReference section */
		A463D39818448D2600A3018B /* NSArray+EKStuff.h */ = {isa = PBXFileReference; fileEncoding = 4; lastKnownFileType = sourcecode.c.h; path = "NSArray+EKStuff.h"; sourceTree = "<group>"; };
		A463D39918448D2600A3018B /* NSArray+EKStuff.m */ = {isa = PBXFileReference; fileEncoding = 4; lastKnownFileType = sourcecode.c.objc; path = "NSArray+EKStuff.m"; sourceTree = "<group>"; };
		A463D39F1844943000A3018B /* NSMutableArray+EKStuff.h */ = {isa = PBXFileReference; fileEncoding = 4; lastKnownFileType = sourcecode.c.h; path = "NSMutableArray+EKStuff.h"; sourceTree = "<group>"; };
		A463D3A01844943000A3018B /* NSMutableArray+EKStuff.m */ = {isa = PBXFileReference; fileEncoding = 4; lastKnownFileType = sourcecode.c.objc; path = "NSMutableArray+EKStuff.m"; sourceTree = "<group>"; };
		A4D204D51844DC4B00F19AFB /* NSString+EKStuff.h */ = {isa = PBXFileReference; fileEncoding = 4; lastKnownFileType = sourcecode.c.h; path = "NSString+EKStuff.h"; sourceTree = "<group>"; };
		A4D204D61844DC4B00F19AFB /* NSString+EKStuff.m */ = {isa = PBXFileReference; fileEncoding = 4; lastKnownFileType = sourcecode.c.objc; path = "NSString+EKStuff.m"; sourceTree = "<group>"; };
		A4D204D81844E2EA00F19AFB /* NSNumber+EKStuff.h */ = {isa = PBXFileReference; fileEncoding = 4; lastKnownFileType = sourcecode.c.h; path = "NSNumber+EKStuff.h"; sourceTree = "<group>"; };
		A4D204D91844E2EA00F19AFB /* NSNumber+EKStuff.m */ = {isa = PBXFileReference; fileEncoding = 4; lastKnownFileType = sourcecode.c.objc; path = "NSNumber+EKStuff.m"; sourceTree = "<group>"; };
		DE46B4C91832748F00353AC8 /* EKVertex.h */ = {isa = PBXFileReference; fileEncoding = 4; lastKnownFileType = sourcecode.c.h; path = EKVertex.h; sourceTree = "<group>"; };
		DE46B4CA1832748F00353AC8 /* EKVertex.m */ = {isa = PBXFileReference; fileEncoding = 4; lastKnownFileType = sourcecode.c.objc; path = EKVertex.m; sourceTree = "<group>"; };
		DE46B4CC183274A200353AC8 /* EKGraph.h */ = {isa = PBXFileReference; fileEncoding = 4; lastKnownFileType = sourcecode.c.h; path = EKGraph.h; sourceTree = "<group>"; };
		DE46B4CD183274A200353AC8 /* EKGraph.m */ = {isa = PBXFileReference; fileEncoding = 4; lastKnownFileType = sourcecode.c.objc; path = EKGraph.m; sourceTree = "<group>"; };
		DE46B4CF1832A29A00353AC8 /* EKGraphPicture.png */ = {isa = PBXFileReference; lastKnownFileType = image.png; path = EKGraphPicture.png; sourceTree = "<group>"; };
		DE7C1EF6184CC7DD00B9A103 /* EKBSTree.png */ = {isa = PBXFileReference; lastKnownFileType = image.png; path = EKBSTree.png; sourceTree = "<group>"; };
		DEADAD6F17B7A6A80031DEB9 /* EKAlgorithms */ = {isa = PBXFileReference; explicitFileType = "compiled.mach-o.executable"; includeInIndex = 0; path = EKAlgorithms; sourceTree = BUILT_PRODUCTS_DIR; };
		DEADAD7217B7A6A80031DEB9 /* Foundation.framework */ = {isa = PBXFileReference; lastKnownFileType = wrapper.framework; name = Foundation.framework; path = System/Library/Frameworks/Foundation.framework; sourceTree = SDKROOT; };
		DEADAD7517B7A6A80031DEB9 /* main.m */ = {isa = PBXFileReference; lastKnownFileType = sourcecode.c.objc; path = main.m; sourceTree = "<group>"; };
		DEADAD7817B7A6A80031DEB9 /* EKAlgorithms-Prefix.pch */ = {isa = PBXFileReference; lastKnownFileType = sourcecode.c.h; path = "EKAlgorithms-Prefix.pch"; sourceTree = "<group>"; };
		DEADAD7917B7A6A80031DEB9 /* EKAlgorithms.1 */ = {isa = PBXFileReference; lastKnownFileType = text.man; path = EKAlgorithms.1; sourceTree = "<group>"; };
		DEC568A1182C258600AA90E1 /* EKDeque.h */ = {isa = PBXFileReference; fileEncoding = 4; lastKnownFileType = sourcecode.c.h; path = EKDeque.h; sourceTree = "<group>"; };
		DEC568A2182C258600AA90E1 /* EKDeque.m */ = {isa = PBXFileReference; fileEncoding = 4; lastKnownFileType = sourcecode.c.objc; path = EKDeque.m; sourceTree = "<group>"; };
		DEC568A3182C258600AA90E1 /* EKQueue.h */ = {isa = PBXFileReference; fileEncoding = 4; lastKnownFileType = sourcecode.c.h; path = EKQueue.h; sourceTree = "<group>"; };
		DEC568A4182C258600AA90E1 /* EKQueue.m */ = {isa = PBXFileReference; fileEncoding = 4; lastKnownFileType = sourcecode.c.objc; path = EKQueue.m; sourceTree = "<group>"; };
		DEC568A5182C258600AA90E1 /* EKStack.h */ = {isa = PBXFileReference; fileEncoding = 4; lastKnownFileType = sourcecode.c.h; path = EKStack.h; sourceTree = "<group>"; };
		DEC568A6182C258600AA90E1 /* EKStack.m */ = {isa = PBXFileReference; fileEncoding = 4; lastKnownFileType = sourcecode.c.objc; path = EKStack.m; sourceTree = "<group>"; };
		DEC568AC182C265D00AA90E1 /* EKNode.h */ = {isa = PBXFileReference; fileEncoding = 4; lastKnownFileType = sourcecode.c.h; path = EKNode.h; sourceTree = "<group>"; };
		DEC568AD182C265D00AA90E1 /* EKNode.m */ = {isa = PBXFileReference; fileEncoding = 4; lastKnownFileType = sourcecode.c.objc; path = EKNode.m; sourceTree = "<group>"; };
		DEC568AF182C273A00AA90E1 /* EKLinkedList.h */ = {isa = PBXFileReference; fileEncoding = 4; lastKnownFileType = sourcecode.c.h; path = EKLinkedList.h; sourceTree = "<group>"; };
		DEC568B0182C273A00AA90E1 /* EKLinkedList.m */ = {isa = PBXFileReference; fileEncoding = 4; lastKnownFileType = sourcecode.c.objc; path = EKLinkedList.m; sourceTree = "<group>"; };
		DED2740018357F3A0002C2F5 /* EKTreeNode.h */ = {isa = PBXFileReference; fileEncoding = 4; lastKnownFileType = sourcecode.c.h; path = EKTreeNode.h; sourceTree = "<group>"; };
		DED2740118357F3A0002C2F5 /* EKTreeNode.m */ = {isa = PBXFileReference; fileEncoding = 4; lastKnownFileType = sourcecode.c.objc; path = EKTreeNode.m; sourceTree = "<group>"; };
		DED2740318357F530002C2F5 /* EKBSTree.h */ = {isa = PBXFileReference; fileEncoding = 4; lastKnownFileType = sourcecode.c.h; path = EKBSTree.h; sourceTree = "<group>"; };
		DED2740418357F530002C2F5 /* EKBSTree.m */ = {isa = PBXFileReference; fileEncoding = 4; lastKnownFileType = sourcecode.c.objc; path = EKBSTree.m; sourceTree = "<group>"; };
/* End PBXFileReference section */

/* Begin PBXFrameworksBuildPhase section */
		DEADAD6C17B7A6A80031DEB9 /* Frameworks */ = {
			isa = PBXFrameworksBuildPhase;
			buildActionMask = 2147483647;
			files = (
				DEADAD7317B7A6A80031DEB9 /* Foundation.framework in Frameworks */,
			);
			runOnlyForDeploymentPostprocessing = 0;
		};
/* End PBXFrameworksBuildPhase section */

/* Begin PBXGroup section */
		DE46B4C8183272AD00353AC8 /* Graph */ = {
			isa = PBXGroup;
			children = (
				DE46B4CF1832A29A00353AC8 /* EKGraphPicture.png */,
				DE46B4C91832748F00353AC8 /* EKVertex.h */,
				DE46B4CA1832748F00353AC8 /* EKVertex.m */,
				DE46B4CC183274A200353AC8 /* EKGraph.h */,
				DE46B4CD183274A200353AC8 /* EKGraph.m */,
			);
			path = Graph;
			sourceTree = "<group>";
		};
		DEADAD6617B7A6A80031DEB9 = {
			isa = PBXGroup;
			children = (
				DEADAD7417B7A6A80031DEB9 /* EKAlgorithms */,
				DEADAD7117B7A6A80031DEB9 /* Frameworks */,
				DEADAD7017B7A6A80031DEB9 /* Products */,
			);
			sourceTree = "<group>";
		};
		DEADAD7017B7A6A80031DEB9 /* Products */ = {
			isa = PBXGroup;
			children = (
				DEADAD6F17B7A6A80031DEB9 /* EKAlgorithms */,
			);
			name = Products;
			sourceTree = "<group>";
		};
		DEADAD7117B7A6A80031DEB9 /* Frameworks */ = {
			isa = PBXGroup;
			children = (
				DEADAD7217B7A6A80031DEB9 /* Foundation.framework */,
			);
			name = Frameworks;
			sourceTree = "<group>";
		};
		DEADAD7417B7A6A80031DEB9 /* EKAlgorithms */ = {
			isa = PBXGroup;
			children = (
				DEC568A0182C258600AA90E1 /* Data Structures */,
				DEADAD7517B7A6A80031DEB9 /* main.m */,
				A463D39818448D2600A3018B /* NSArray+EKStuff.h */,
				A463D39918448D2600A3018B /* NSArray+EKStuff.m */,
				A463D39F1844943000A3018B /* NSMutableArray+EKStuff.h */,
				A463D3A01844943000A3018B /* NSMutableArray+EKStuff.m */,
				A4D204D51844DC4B00F19AFB /* NSString+EKStuff.h */,
				A4D204D61844DC4B00F19AFB /* NSString+EKStuff.m */,
				A4D204D81844E2EA00F19AFB /* NSNumber+EKStuff.h */,
				A4D204D91844E2EA00F19AFB /* NSNumber+EKStuff.m */,
				DEADAD7917B7A6A80031DEB9 /* EKAlgorithms.1 */,
				DEADAD7717B7A6A80031DEB9 /* Supporting Files */,
			);
			path = EKAlgorithms;
			sourceTree = "<group>";
		};
		DEADAD7717B7A6A80031DEB9 /* Supporting Files */ = {
			isa = PBXGroup;
			children = (
				DEADAD7817B7A6A80031DEB9 /* EKAlgorithms-Prefix.pch */,
			);
			name = "Supporting Files";
			sourceTree = "<group>";
		};
		DEC568A0182C258600AA90E1 /* Data Structures */ = {
			isa = PBXGroup;
			children = (
				DE46B4C8183272AD00353AC8 /* Graph */,
				DEC568AA182C261000AA90E1 /* BinarySearchTree */,
				DEC568AB182C261000AA90E1 /* LinkedList */,
				DEC568A1182C258600AA90E1 /* EKDeque.h */,
				DEC568A2182C258600AA90E1 /* EKDeque.m */,
				DEC568A3182C258600AA90E1 /* EKQueue.h */,
				DEC568A4182C258600AA90E1 /* EKQueue.m */,
				DEC568A5182C258600AA90E1 /* EKStack.h */,
				DEC568A6182C258600AA90E1 /* EKStack.m */,
			);
			path = "Data Structures";
			sourceTree = "<group>";
		};
		DEC568AA182C261000AA90E1 /* BinarySearchTree */ = {
			isa = PBXGroup;
			children = (
				DE7C1EF6184CC7DD00B9A103 /* EKBSTree.png */,
				DED2740018357F3A0002C2F5 /* EKTreeNode.h */,
				DED2740118357F3A0002C2F5 /* EKTreeNode.m */,
				DED2740318357F530002C2F5 /* EKBSTree.h */,
				DED2740418357F530002C2F5 /* EKBSTree.m */,
			);
			path = BinarySearchTree;
			sourceTree = "<group>";
		};
		DEC568AB182C261000AA90E1 /* LinkedList */ = {
			isa = PBXGroup;
			children = (
				DEC568AC182C265D00AA90E1 /* EKNode.h */,
				DEC568AD182C265D00AA90E1 /* EKNode.m */,
				DEC568AF182C273A00AA90E1 /* EKLinkedList.h */,
				DEC568B0182C273A00AA90E1 /* EKLinkedList.m */,
			);
			path = LinkedList;
			sourceTree = "<group>";
		};
/* End PBXGroup section */

/* Begin PBXNativeTarget section */
		DEADAD6E17B7A6A80031DEB9 /* EKAlgorithms */ = {
			isa = PBXNativeTarget;
			buildConfigurationList = DEADAD7D17B7A6A80031DEB9 /* Build configuration list for PBXNativeTarget "EKAlgorithms" */;
			buildPhases = (
				DEADAD6B17B7A6A80031DEB9 /* Sources */,
				DEADAD6C17B7A6A80031DEB9 /* Frameworks */,
				DEADAD6D17B7A6A80031DEB9 /* CopyFiles */,
			);
			buildRules = (
			);
			dependencies = (
			);
			name = EKAlgorithms;
			productName = EKAlgorithms;
			productReference = DEADAD6F17B7A6A80031DEB9 /* EKAlgorithms */;
			productType = "com.apple.product-type.tool";
		};
/* End PBXNativeTarget section */

/* Begin PBXProject section */
		DEADAD6717B7A6A80031DEB9 /* Project object */ = {
			isa = PBXProject;
			attributes = {
				LastUpgradeCheck = 0500;
				ORGANIZATIONNAME = EvgenyKarkan;
			};
			buildConfigurationList = DEADAD6A17B7A6A80031DEB9 /* Build configuration list for PBXProject "EKAlgorithms" */;
			compatibilityVersion = "Xcode 3.2";
			developmentRegion = English;
			hasScannedForEncodings = 0;
			knownRegions = (
				en,
			);
			mainGroup = DEADAD6617B7A6A80031DEB9;
			productRefGroup = DEADAD7017B7A6A80031DEB9 /* Products */;
			projectDirPath = "";
			projectRoot = "";
			targets = (
				DEADAD6E17B7A6A80031DEB9 /* EKAlgorithms */,
			);
		};
/* End PBXProject section */

/* Begin PBXSourcesBuildPhase section */
		DEADAD6B17B7A6A80031DEB9 /* Sources */ = {
			isa = PBXSourcesBuildPhase;
			buildActionMask = 2147483647;
			files = (
				DEC568A9182C258600AA90E1 /* EKStack.m in Sources */,
				DE46B4CE183274A200353AC8 /* EKGraph.m in Sources */,
				DED2740218357F3A0002C2F5 /* EKTreeNode.m in Sources */,
				A463D3A11844943000A3018B /* NSMutableArray+EKStuff.m in Sources */,
				A4D204DA1844E2EA00F19AFB /* NSNumber+EKStuff.m in Sources */,
				DEC568A8182C258600AA90E1 /* EKQueue.m in Sources */,
				DEC568A7182C258600AA90E1 /* EKDeque.m in Sources */,
				DEADAD7617B7A6A80031DEB9 /* main.m in Sources */,
				DEC568AE182C265D00AA90E1 /* EKNode.m in Sources */,
				DE46B4CB1832748F00353AC8 /* EKVertex.m in Sources */,
				DEC568B1182C273A00AA90E1 /* EKLinkedList.m in Sources */,
				DED2740518357F530002C2F5 /* EKBSTree.m in Sources */,
				A463D39A18448D2600A3018B /* NSArray+EKStuff.m in Sources */,
				A4D204D71844DC4B00F19AFB /* NSString+EKStuff.m in Sources */,
			);
			runOnlyForDeploymentPostprocessing = 0;
		};
/* End PBXSourcesBuildPhase section */

/* Begin XCBuildConfiguration section */
		DEADAD7B17B7A6A80031DEB9 /* Debug */ = {
			isa = XCBuildConfiguration;
			buildSettings = {
				ALWAYS_SEARCH_USER_PATHS = NO;
				CLANG_CXX_LANGUAGE_STANDARD = "gnu++0x";
				CLANG_CXX_LIBRARY = "libc++";
				CLANG_ENABLE_OBJC_ARC = YES;
				CLANG_WARN_CONSTANT_CONVERSION = YES;
				CLANG_WARN_EMPTY_BODY = YES;
				CLANG_WARN_ENUM_CONVERSION = YES;
				CLANG_WARN_INT_CONVERSION = YES;
				CLANG_WARN__DUPLICATE_METHOD_MATCH = YES;
				COPY_PHASE_STRIP = NO;
				GCC_C_LANGUAGE_STANDARD = gnu99;
				GCC_DYNAMIC_NO_PIC = NO;
				GCC_ENABLE_OBJC_EXCEPTIONS = YES;
				GCC_OPTIMIZATION_LEVEL = 0;
				GCC_PREPROCESSOR_DEFINITIONS = (
					"DEBUG=1",
					"$(inherited)",
				);
				GCC_SYMBOLS_PRIVATE_EXTERN = NO;
				GCC_WARN_64_TO_32_BIT_CONVERSION = YES;
				GCC_WARN_ABOUT_RETURN_TYPE = YES;
				GCC_WARN_UNINITIALIZED_AUTOS = YES;
				GCC_WARN_UNUSED_VARIABLE = YES;
				MACOSX_DEPLOYMENT_TARGET = 10.7;
				ONLY_ACTIVE_ARCH = YES;
				SDKROOT = macosx;
			};
			name = Debug;
		};
		DEADAD7C17B7A6A80031DEB9 /* Release */ = {
			isa = XCBuildConfiguration;
			buildSettings = {
				ALWAYS_SEARCH_USER_PATHS = NO;
				CLANG_CXX_LANGUAGE_STANDARD = "gnu++0x";
				CLANG_CXX_LIBRARY = "libc++";
				CLANG_ENABLE_OBJC_ARC = YES;
				CLANG_WARN_CONSTANT_CONVERSION = YES;
				CLANG_WARN_EMPTY_BODY = YES;
				CLANG_WARN_ENUM_CONVERSION = YES;
				CLANG_WARN_INT_CONVERSION = YES;
				CLANG_WARN__DUPLICATE_METHOD_MATCH = YES;
				COPY_PHASE_STRIP = YES;
				DEBUG_INFORMATION_FORMAT = "dwarf-with-dsym";
				GCC_C_LANGUAGE_STANDARD = gnu99;
				GCC_ENABLE_OBJC_EXCEPTIONS = YES;
				GCC_WARN_64_TO_32_BIT_CONVERSION = YES;
				GCC_WARN_ABOUT_RETURN_TYPE = YES;
				GCC_WARN_UNINITIALIZED_AUTOS = YES;
				GCC_WARN_UNUSED_VARIABLE = YES;
				MACOSX_DEPLOYMENT_TARGET = 10.7;
				SDKROOT = macosx;
			};
			name = Release;
		};
		DEADAD7E17B7A6A80031DEB9 /* Debug */ = {
			isa = XCBuildConfiguration;
			buildSettings = {
				GCC_PRECOMPILE_PREFIX_HEADER = YES;
				GCC_PREFIX_HEADER = "EKAlgorithms/EKAlgorithms-Prefix.pch";
				PRODUCT_NAME = "$(TARGET_NAME)";
			};
			name = Debug;
		};
		DEADAD7F17B7A6A80031DEB9 /* Release */ = {
			isa = XCBuildConfiguration;
			buildSettings = {
				GCC_PRECOMPILE_PREFIX_HEADER = YES;
				GCC_PREFIX_HEADER = "EKAlgorithms/EKAlgorithms-Prefix.pch";
				PRODUCT_NAME = "$(TARGET_NAME)";
			};
			name = Release;
		};
/* End XCBuildConfiguration section */

/* Begin XCConfigurationList section */
		DEADAD6A17B7A6A80031DEB9 /* Build configuration list for PBXProject "EKAlgorithms" */ = {
			isa = XCConfigurationList;
			buildConfigurations = (
				DEADAD7B17B7A6A80031DEB9 /* Debug */,
				DEADAD7C17B7A6A80031DEB9 /* Release */,
			);
			defaultConfigurationIsVisible = 0;
			defaultConfigurationName = Release;
		};
		DEADAD7D17B7A6A80031DEB9 /* Build configuration list for PBXNativeTarget "EKAlgorithms" */ = {
			isa = XCConfigurationList;
			buildConfigurations = (
				DEADAD7E17B7A6A80031DEB9 /* Debug */,
				DEADAD7F17B7A6A80031DEB9 /* Release */,
			);
			defaultConfigurationIsVisible = 0;
			defaultConfigurationName = Release;
		};
/* End XCConfigurationList section */
	};
	rootObject = DEADAD6717B7A6A80031DEB9 /* Project object */;
}
